
Microsoft Visual Studio Solution File, Format Version 12.00
# Visual Studio Version 17
VisualStudioVersion = 17.1.31911.260
MinimumVisualStudioVersion = 10.0.40219.1
Project("{9A19103F-16F7-4668-BE54-9A1E7A4F7556}") = "AiYi", "AiYi\AiYi.csproj", "{BFED9977-4C99-4342-8C81-295AEEC68AEA}"
EndProject
Project("{9A19103F-16F7-4668-BE54-9A1E7A4F7556}") = "AiYi.Core", "AiYi.Core\AiYi.Core.csproj", "{EF2F2C28-356C-4BAE-B66C-2C2E0B55D165}"
EndProject
Project("{FAE04EC0-301F-11D3-BF4B-00C04F79EFBC}") = "AiYi.Model", "AiYi.Model\AiYi.Model.csproj", "{F34E0D38-7716-40D2-94F5-D13FAB89EBB4}"
EndProject
Global
	GlobalSection(SolutionConfigurationPlatforms) = preSolution
		Debug|Any CPU = Debug|Any CPU
		Release|Any CPU = Release|Any CPU
	EndGlobalSection
	GlobalSection(ProjectConfigurationPlatforms) = postSolution
		{BFED9977-4C99-4342-8C81-295AEEC68AEA}.Debug|Any CPU.ActiveCfg = Debug|Any CPU
		{BFED9977-4C99-4342-8C81-295AEEC68AEA}.Debug|Any CPU.Build.0 = Debug|Any CPU
		{BFED9977-4C99-4342-8C81-295AEEC68AEA}.Release|Any CPU.ActiveCfg = Release|Any CPU
		{BFED9977-4C99-4342-8C81-295AEEC68AEA}.Release|Any CPU.Build.0 = Release|Any CPU
		{EF2F2C28-356C-4BAE-B66C-2C2E0B55D165}.Debug|Any CPU.ActiveCfg = Debug|Any CPU
		{EF2F2C28-356C-4BAE-B66C-2C2E0B55D165}.Debug|Any CPU.Build.0 = Debug|Any CPU
		{EF2F2C28-356C-4BAE-B66C-2C2E0B55D165}.Release|Any CPU.ActiveCfg = Release|Any CPU
		{EF2F2C28-356C-4BAE-B66C-2C2E0B55D165}.Release|Any CPU.Build.0 = Release|Any CPU
		{F34E0D38-7716-40D2-94F5-D13FAB89EBB4}.Debug|Any CPU.ActiveCfg = Debug|Any CPU
		{F34E0D38-7716-40D2-94F5-D13FAB89EBB4}.Debug|Any CPU.Build.0 = Debug|Any CPU
		{F34E0D38-7716-40D2-94F5-D13FAB89EBB4}.Release|Any CPU.ActiveCfg = Release|Any CPU
		{F34E0D38-7716-40D2-94F5-D13FAB89EBB4}.Release|Any CPU.Build.0 = Release|Any CPU
	EndGlobalSection
	GlobalSection(SolutionProperties) = preSolution
		HideSolutionNode = FALSE
	EndGlobalSection
	GlobalSection(ExtensibilityGlobals) = postSolution
		SolutionGuid = {6EA9C071-4313-4794-A4CF-B5EC2E22D2B7}
	EndGlobalSection
EndGlobal
